
Microsoft Visual Studio Solution File, Format Version 12.00
# Visual Studio Version 17
VisualStudioVersion = 17.8.34525.116
MinimumVisualStudioVersion = 10.0.40219.1
Project("{FAE04EC0-301F-11D3-BF4B-00C04F79EFBC}") = "EF_CourseApplication_Project", "EF_CourseApplication_Project\EF_CourseApplication_Project.csproj", "{47A6DC53-EDF3-44E7-A7B8-4605A04E442B}"
EndProject
Project("{FAE04EC0-301F-11D3-BF4B-00C04F79EFBC}") = "Domain", "Domain\Domain.csproj", "{03517ED4-44C8-451D-B0C7-EAC09EE7DA05}"
EndProject
Project("{FAE04EC0-301F-11D3-BF4B-00C04F79EFBC}") = "Repositories", "Repositories\Repositories.csproj", "{D6A4AAA0-E007-461E-814B-7ABAA7E1E573}"
EndProject
Project("{FAE04EC0-301F-11D3-BF4B-00C04F79EFBC}") = "Service", "Service\Service.csproj", "{18652DD2-8466-41C5-85BF-BB42D39193FC}"
EndProject
Global
	GlobalSection(SolutionConfigurationPlatforms) = preSolution
		Debug|Any CPU = Debug|Any CPU
		Release|Any CPU = Release|Any CPU
	EndGlobalSection
	GlobalSection(ProjectConfigurationPlatforms) = postSolution
		{47A6DC53-EDF3-44E7-A7B8-4605A04E442B}.Debug|Any CPU.ActiveCfg = Debug|Any CPU
		{47A6DC53-EDF3-44E7-A7B8-4605A04E442B}.Debug|Any CPU.Build.0 = Debug|Any CPU
		{47A6DC53-EDF3-44E7-A7B8-4605A04E442B}.Release|Any CPU.ActiveCfg = Release|Any CPU
		{47A6DC53-EDF3-44E7-A7B8-4605A04E442B}.Release|Any CPU.Build.0 = Release|Any CPU
		{03517ED4-44C8-451D-B0C7-EAC09EE7DA05}.Debug|Any CPU.ActiveCfg = Debug|Any CPU
		{03517ED4-44C8-451D-B0C7-EAC09EE7DA05}.Debug|Any CPU.Build.0 = Debug|Any CPU
		{03517ED4-44C8-451D-B0C7-EAC09EE7DA05}.Release|Any CPU.ActiveCfg = Release|Any CPU
		{03517ED4-44C8-451D-B0C7-EAC09EE7DA05}.Release|Any CPU.Build.0 = Release|Any CPU
		{D6A4AAA0-E007-461E-814B-7ABAA7E1E573}.Debug|Any CPU.ActiveCfg = Debug|Any CPU
		{D6A4AAA0-E007-461E-814B-7ABAA7E1E573}.Debug|Any CPU.Build.0 = Debug|Any CPU
		{D6A4AAA0-E007-461E-814B-7ABAA7E1E573}.Release|Any CPU.ActiveCfg = Release|Any CPU
		{D6A4AAA0-E007-461E-814B-7ABAA7E1E573}.Release|Any CPU.Build.0 = Release|Any CPU
		{18652DD2-8466-41C5-85BF-BB42D39193FC}.Debug|Any CPU.ActiveCfg = Debug|Any CPU
		{18652DD2-8466-41C5-85BF-BB42D39193FC}.Debug|Any CPU.Build.0 = Debug|Any CPU
		{18652DD2-8466-41C5-85BF-BB42D39193FC}.Release|Any CPU.ActiveCfg = Release|Any CPU
		{18652DD2-8466-41C5-85BF-BB42D39193FC}.Release|Any CPU.Build.0 = Release|Any CPU
	EndGlobalSection
	GlobalSection(SolutionProperties) = preSolution
		HideSolutionNode = FALSE
	EndGlobalSection
	GlobalSection(ExtensibilityGlobals) = postSolution
		SolutionGuid = {EA6AA217-D8F8-4FB2-9B1E-73955635541F}
	EndGlobalSection
EndGlobal
